
Microsoft Visual Studio Solution File, Format Version 12.00
# Visual Studio Version 17
VisualStudioVersion = 17.4.33110.190
MinimumVisualStudioVersion = 10.0.40219.1
Project("{9A19103F-16F7-4668-BE54-9A1E7A4F7556}") = "OpenClosed_Principle", "Open-Closed_Principle\OpenClosed_Principle.csproj", "{266D9A1E-DF21-419F-8D32-7FE585D49EC8}"
EndProject
Project("{9A19103F-16F7-4668-BE54-9A1E7A4F7556}") = "LiskovSubstitutionPrinciple", "LiskovSubstitutionPrinciple\LiskovSubstitutionPrinciple.csproj", "{98E4E200-DBDA-48C7-B24C-87574F7706B7}"
EndProject
Project("{9A19103F-16F7-4668-BE54-9A1E7A4F7556}") = "DependencyInversionPrinciple", "DependencyInversionPrinciple\DependencyInversionPrinciple.csproj", "{0DFEE009-4B85-4A68-8DCF-83968BD63DBB}"
EndProject
Project("{9A19103F-16F7-4668-BE54-9A1E7A4F7556}") = "BuilderPattern", "BuilderPattern\BuilderPattern.csproj", "{4B47EED5-0E56-4F80-83C0-176CFBEFB6C8}"
EndProject
Project("{2150E333-8FDC-42A3-9474-1A3956D46DE8}") = "PatternsBuilder", "PatternsBuilder", "{97812D39-E976-48C4-9E7F-0B50F664A994}"
EndProject
Project("{9A19103F-16F7-4668-BE54-9A1E7A4F7556}") = "StepwiseBuilder", "StepwiseBuilder\StepwiseBuilder.csproj", "{3D4350D5-AE74-436F-9B4F-11936627F5CC}"
EndProject
Project("{9A19103F-16F7-4668-BE54-9A1E7A4F7556}") = "FunctionalBuilder", "FuncrionalBuilder\FunctionalBuilder.csproj", "{B28613FF-EDE0-47BF-A116-4A60345AE047}"
EndProject
Project("{9A19103F-16F7-4668-BE54-9A1E7A4F7556}") = "FacetedBuilderWithFacade", "FacetedBuilderWithFacade\FacetedBuilderWithFacade.csproj", "{AF4A29C7-7CFB-4056-83EF-97F01C31A830}"
EndProject
Project("{2150E333-8FDC-42A3-9474-1A3956D46DE8}") = "Factories", "Factories", "{D3135979-2233-4956-833B-38E9AA103F30}"
EndProject
Project("{9A19103F-16F7-4668-BE54-9A1E7A4F7556}") = "PointExampleFactoryPattern", "PointExampleFactoryPattern\PointExampleFactoryPattern.csproj", "{68B14D39-E483-4E38-9172-0D17C5EB263F}"
EndProject
Project("{9A19103F-16F7-4668-BE54-9A1E7A4F7556}") = "ObjectTrackingAndBulkReplacement_Factory", "ObjectTrackingAndBulkReplacement_Factory\ObjectTrackingAndBulkReplacement_Factory.csproj", "{01FDB184-E9B6-4E93-8582-E5E8E0D21EB4}"
EndProject
Project("{9A19103F-16F7-4668-BE54-9A1E7A4F7556}") = "AbstractFactory", "AbstractFactory\AbstractFactory.csproj", "{EE12622D-1474-4683-8A58-9CFE348AEA44}"
EndProject
Project("{9A19103F-16F7-4668-BE54-9A1E7A4F7556}") = "HomeWorkFactory", "HomeWorkFactory\HomeWorkFactory.csproj", "{E2178D48-419B-4FCC-B534-A6DBF22C14E7}"
EndProject
Project("{2150E333-8FDC-42A3-9474-1A3956D46DE8}") = "PrototypesFactory", "PrototypesFactory", "{D5C308F2-0E7E-4017-B240-628663E5A0EA}"
EndProject
Project("{9A19103F-16F7-4668-BE54-9A1E7A4F7556}") = "PrototypePattern", "PrototypePattern\PrototypePattern.csproj", "{84888873-F0A0-4213-A18B-1198A503095A}"
EndProject
Project("{9A19103F-16F7-4668-BE54-9A1E7A4F7556}") = "PrototypeInheritance_PrototypePattern", "PrototypeInharitance_Prototype\PrototypeInheritance_PrototypePattern.csproj", "{18DE65FD-2BE9-4974-A7D1-0CB0EECDE444}"
EndProject
Project("{9A19103F-16F7-4668-BE54-9A1E7A4F7556}") = "CopyThroughSerialization", "CopyThroughSerialization\CopyThroughSerialization.csproj", "{2E946B1A-E28C-445D-A1DF-05BB58569AEB}"
EndProject
Project("{9A19103F-16F7-4668-BE54-9A1E7A4F7556}") = "TestProjectPoint", "TestProjectPoint\TestProjectPoint.csproj", "{D91D6D2A-00BD-40F6-8EE5-8C58F19B1009}"
EndProject
Project("{2150E333-8FDC-42A3-9474-1A3956D46DE8}") = "Tests", "Tests", "{B1B4B10C-1DD1-4B5A-A74E-34A014F869D4}"
EndProject
Project("{2150E333-8FDC-42A3-9474-1A3956D46DE8}") = "Singleton", "Singleton", "{53C2B556-998F-4752-A12D-D458F20434E3}"
EndProject
Project("{9A19103F-16F7-4668-BE54-9A1E7A4F7556}") = "SingletonImplementation_Pattern", "SingletonImplementation_Pattern\SingletonImplementation_Pattern.csproj", "{BEA74C97-1AE4-4421-8124-BE8A73FE7C4B}"
EndProject
Project("{9A19103F-16F7-4668-BE54-9A1E7A4F7556}") = "Monostate_SingletonPattern", "Monostate_SingletonPattern\Monostate_SingletonPattern.csproj", "{EB9FAE60-59B5-4F3B-A3C3-70F508E20FD8}"
EndProject
Project("{9A19103F-16F7-4668-BE54-9A1E7A4F7556}") = "AmbientContext_SingletonPattern", "AmbientContext_SingletonPattern\AmbientContext_SingletonPattern.csproj", "{075932A5-A424-481A-B0ED-99B79F385AEB}"
EndProject
Project("{2150E333-8FDC-42A3-9474-1A3956D46DE8}") = "StructuralPatterns", "StructuralPatterns", "{A3CF0761-C8CA-42BB-9F31-0669F18015F5}"
EndProject
Project("{9A19103F-16F7-4668-BE54-9A1E7A4F7556}") = "VectorRasterDemo_AdapterPattern", "VectorRasterDemo_AdapterPattern\VectorRasterDemo_AdapterPattern.csproj", "{D4D57AF8-E650-4D4F-BC48-1D8E78F7F018}"
EndProject
Project("{9A19103F-16F7-4668-BE54-9A1E7A4F7556}") = "StructuralAdapterWithCaching_StructuralPattern", "StructuralAdapterWithCaching_AdapterPattern\StructuralAdapterWithCaching_StructuralPattern.csproj", "{90AA7F80-CCD5-4CA0-97BC-CE33DFF48570}"
EndProject
Project("{9A19103F-16F7-4668-BE54-9A1E7A4F7556}") = "Adapter_In_Dependency_Injection", "Adapter_In_Dependency_Injection\Adapter_In_Dependency_Injection.csproj", "{B37F47CC-F306-4625-A7CD-3232E9021D04}"
EndProject
Project("{2150E333-8FDC-42A3-9474-1A3956D46DE8}") = "CreationalPatterns", "CreationalPatterns", "{C53AD1B1-3D17-4DF5-9BF6-188FB135E28F}"
EndProject
Project("{2150E333-8FDC-42A3-9474-1A3956D46DE8}") = "SOLID_Principles", "SOLID_Principles", "{09EEBC9B-3224-4D3C-956D-32B8AA73A696}"
EndProject
Project("{2150E333-8FDC-42A3-9474-1A3956D46DE8}") = "Adapters", "Adapters", "{1F32091C-D49D-403F-AA3E-F4979190F585}"
EndProject
Project("{2150E333-8FDC-42A3-9474-1A3956D46DE8}") = "Bridges", "Bridges", "{59BC4E49-E5E7-415D-920B-0867234231E7}"
EndProject
Project("{9A19103F-16F7-4668-BE54-9A1E7A4F7556}") = "BridgePattern_Test", "BridgePattern_Test\BridgePattern_Test.csproj", "{6F18AB7B-1796-46F0-8EEF-CA2063E0B34D}"
EndProject
Project("{9A19103F-16F7-4668-BE54-9A1E7A4F7556}") = "NeuralNetworks_StructuralPatterns", "NeuralNetworks_StructuralPatterns\NeuralNetworks_StructuralPatterns.csproj", "{21DE39ED-EBFB-4AA7-89B8-C15A131A457F}"
EndProject
Project("{9A19103F-16F7-4668-BE54-9A1E7A4F7556}") = "Facade_StructuralPattern", "Facade_StucturalPattern\Facade_StructuralPattern.csproj", "{6109EE26-E443-4946-A486-94E53363492A}"
EndProject
Project("{9A19103F-16F7-4668-BE54-9A1E7A4F7556}") = "Flyweight_StructuralPattern", "Flyweight_StructuralPattern\Flyweight_StructuralPattern.csproj", "{4E9C21D4-EAE2-48E8-A387-32FC3A04695B}"
EndProject
Project("{2150E333-8FDC-42A3-9474-1A3956D46DE8}") = "Behavioral", "Behavioral", "{9AEA5C59-2C7F-4637-BFB3-8B2220D693A6}"
EndProject
Project("{9A19103F-16F7-4668-BE54-9A1E7A4F7556}") = "ChainOfResponsibility_with_Mediator", "ChainOfResponsibility_with_Mediator\ChainOfResponsibility_with_Mediator.csproj", "{35B15702-B623-4E3E-B598-38622EE2DE01}"
EndProject
Project("{9A19103F-16F7-4668-BE54-9A1E7A4F7556}") = "CommandPattern", "CommandPattern\CommandPattern.csproj", "{017B2F82-97C8-4833-B64C-BC246C1BE235}"
EndProject
Project("{2150E333-8FDC-42A3-9474-1A3956D46DE8}") = "ExcercisesPractice", "ExcercisesPractice", "{C9A19228-CB35-421D-BB62-39CFF21672C3}"
EndProject
Project("{9A19103F-16F7-4668-BE54-9A1E7A4F7556}") = "CommandPractice_01", "CommandPractice_01\CommandPractice_01.csproj", "{845BE46E-1D2B-4160-B4F5-AA901984D85C}"
EndProject
Project("{9A19103F-16F7-4668-BE54-9A1E7A4F7556}") = "ConsoleApp1", "ConsoleApp1\ConsoleApp1.csproj", "{B952DB33-F671-4A02-A193-65C659745C48}"
EndProject
Project("{9A19103F-16F7-4668-BE54-9A1E7A4F7556}") = "Interpreter_BehavioralPattern", "Interpreter_BehavioralPattern\Interpreter_BehavioralPattern.csproj", "{115D8E70-75F3-45CB-8BDB-DDEB631BA975}"
EndProject
Project("{2150E333-8FDC-42A3-9474-1A3956D46DE8}") = "Updates_C_Sharp_11", "Updates_C_Sharp_11", "{C46E52C1-E99B-4C19-8F8E-B66FA08B5E7E}"
EndProject
Project("{9A19103F-16F7-4668-BE54-9A1E7A4F7556}") = "C_11_updates", "C_11_updates\C_11_updates.csproj", "{E6FBA635-2425-4EB8-960B-CB281E437513}"
EndProject
Project("{9A19103F-16F7-4668-BE54-9A1E7A4F7556}") = "Behavioral_Interpreter_HomeWork", "Behavioral_Interpreter_HomeWork\Behavioral_Interpreter_HomeWork.csproj", "{07AEE9AF-5B25-4751-BBF5-3C2D58158238}"
EndProject
Project("{9A19103F-16F7-4668-BE54-9A1E7A4F7556}") = "Mediator_HomeWork", "Mediator_HomeWork\Mediator_HomeWork.csproj", "{1D29E38F-04BC-41A4-939D-4269A4B29680}"
EndProject
Project("{FAE04EC0-301F-11D3-BF4B-00C04F79EFBC}") = "Memento_BehavioralPattern", "Memento_BehavioralPattern\Memento_BehavioralPattern.csproj", "{8DE14AF7-CF42-48D9-8B76-C7A75D62F4DE}"
EndProject
Global
	GlobalSection(SolutionConfigurationPlatforms) = preSolution
		Debug|Any CPU = Debug|Any CPU
		Release|Any CPU = Release|Any CPU
	EndGlobalSection
	GlobalSection(ProjectConfigurationPlatforms) = postSolution
		{266D9A1E-DF21-419F-8D32-7FE585D49EC8}.Debug|Any CPU.ActiveCfg = Debug|Any CPU
		{266D9A1E-DF21-419F-8D32-7FE585D49EC8}.Debug|Any CPU.Build.0 = Debug|Any CPU
		{266D9A1E-DF21-419F-8D32-7FE585D49EC8}.Release|Any CPU.ActiveCfg = Release|Any CPU
		{266D9A1E-DF21-419F-8D32-7FE585D49EC8}.Release|Any CPU.Build.0 = Release|Any CPU
		{98E4E200-DBDA-48C7-B24C-87574F7706B7}.Debug|Any CPU.ActiveCfg = Debug|Any CPU
		{98E4E200-DBDA-48C7-B24C-87574F7706B7}.Debug|Any CPU.Build.0 = Debug|Any CPU
		{98E4E200-DBDA-48C7-B24C-87574F7706B7}.Release|Any CPU.ActiveCfg = Release|Any CPU
		{98E4E200-DBDA-48C7-B24C-87574F7706B7}.Release|Any CPU.Build.0 = Release|Any CPU
		{0DFEE009-4B85-4A68-8DCF-83968BD63DBB}.Debug|Any CPU.ActiveCfg = Debug|Any CPU
		{0DFEE009-4B85-4A68-8DCF-83968BD63DBB}.Debug|Any CPU.Build.0 = Debug|Any CPU
		{0DFEE009-4B85-4A68-8DCF-83968BD63DBB}.Release|Any CPU.ActiveCfg = Release|Any CPU
		{0DFEE009-4B85-4A68-8DCF-83968BD63DBB}.Release|Any CPU.Build.0 = Release|Any CPU
		{4B47EED5-0E56-4F80-83C0-176CFBEFB6C8}.Debug|Any CPU.ActiveCfg = Debug|Any CPU
		{4B47EED5-0E56-4F80-83C0-176CFBEFB6C8}.Debug|Any CPU.Build.0 = Debug|Any CPU
		{4B47EED5-0E56-4F80-83C0-176CFBEFB6C8}.Release|Any CPU.ActiveCfg = Release|Any CPU
		{4B47EED5-0E56-4F80-83C0-176CFBEFB6C8}.Release|Any CPU.Build.0 = Release|Any CPU
		{3D4350D5-AE74-436F-9B4F-11936627F5CC}.Debug|Any CPU.ActiveCfg = Debug|Any CPU
		{3D4350D5-AE74-436F-9B4F-11936627F5CC}.Debug|Any CPU.Build.0 = Debug|Any CPU
		{3D4350D5-AE74-436F-9B4F-11936627F5CC}.Release|Any CPU.ActiveCfg = Release|Any CPU
		{3D4350D5-AE74-436F-9B4F-11936627F5CC}.Release|Any CPU.Build.0 = Release|Any CPU
		{B28613FF-EDE0-47BF-A116-4A60345AE047}.Debug|Any CPU.ActiveCfg = Debug|Any CPU
		{B28613FF-EDE0-47BF-A116-4A60345AE047}.Debug|Any CPU.Build.0 = Debug|Any CPU
		{B28613FF-EDE0-47BF-A116-4A60345AE047}.Release|Any CPU.ActiveCfg = Release|Any CPU
		{B28613FF-EDE0-47BF-A116-4A60345AE047}.Release|Any CPU.Build.0 = Release|Any CPU
		{AF4A29C7-7CFB-4056-83EF-97F01C31A830}.Debug|Any CPU.ActiveCfg = Debug|Any CPU
		{AF4A29C7-7CFB-4056-83EF-97F01C31A830}.Debug|Any CPU.Build.0 = Debug|Any CPU
		{AF4A29C7-7CFB-4056-83EF-97F01C31A830}.Release|Any CPU.ActiveCfg = Release|Any CPU
		{AF4A29C7-7CFB-4056-83EF-97F01C31A830}.Release|Any CPU.Build.0 = Release|Any CPU
		{68B14D39-E483-4E38-9172-0D17C5EB263F}.Debug|Any CPU.ActiveCfg = Debug|Any CPU
		{68B14D39-E483-4E38-9172-0D17C5EB263F}.Debug|Any CPU.Build.0 = Debug|Any CPU
		{68B14D39-E483-4E38-9172-0D17C5EB263F}.Release|Any CPU.ActiveCfg = Release|Any CPU
		{68B14D39-E483-4E38-9172-0D17C5EB263F}.Release|Any CPU.Build.0 = Release|Any CPU
		{01FDB184-E9B6-4E93-8582-E5E8E0D21EB4}.Debug|Any CPU.ActiveCfg = Debug|Any CPU
		{01FDB184-E9B6-4E93-8582-E5E8E0D21EB4}.Debug|Any CPU.Build.0 = Debug|Any CPU
		{01FDB184-E9B6-4E93-8582-E5E8E0D21EB4}.Release|Any CPU.ActiveCfg = Release|Any CPU
		{01FDB184-E9B6-4E93-8582-E5E8E0D21EB4}.Release|Any CPU.Build.0 = Release|Any CPU
		{EE12622D-1474-4683-8A58-9CFE348AEA44}.Debug|Any CPU.ActiveCfg = Debug|Any CPU
		{EE12622D-1474-4683-8A58-9CFE348AEA44}.Debug|Any CPU.Build.0 = Debug|Any CPU
		{EE12622D-1474-4683-8A58-9CFE348AEA44}.Release|Any CPU.ActiveCfg = Release|Any CPU
		{EE12622D-1474-4683-8A58-9CFE348AEA44}.Release|Any CPU.Build.0 = Release|Any CPU
		{E2178D48-419B-4FCC-B534-A6DBF22C14E7}.Debug|Any CPU.ActiveCfg = Debug|Any CPU
		{E2178D48-419B-4FCC-B534-A6DBF22C14E7}.Debug|Any CPU.Build.0 = Debug|Any CPU
		{E2178D48-419B-4FCC-B534-A6DBF22C14E7}.Release|Any CPU.ActiveCfg = Release|Any CPU
		{E2178D48-419B-4FCC-B534-A6DBF22C14E7}.Release|Any CPU.Build.0 = Release|Any CPU
		{84888873-F0A0-4213-A18B-1198A503095A}.Debug|Any CPU.ActiveCfg = Debug|Any CPU
		{84888873-F0A0-4213-A18B-1198A503095A}.Debug|Any CPU.Build.0 = Debug|Any CPU
		{84888873-F0A0-4213-A18B-1198A503095A}.Release|Any CPU.ActiveCfg = Release|Any CPU
		{84888873-F0A0-4213-A18B-1198A503095A}.Release|Any CPU.Build.0 = Release|Any CPU
		{18DE65FD-2BE9-4974-A7D1-0CB0EECDE444}.Debug|Any CPU.ActiveCfg = Debug|Any CPU
		{18DE65FD-2BE9-4974-A7D1-0CB0EECDE444}.Debug|Any CPU.Build.0 = Debug|Any CPU
		{18DE65FD-2BE9-4974-A7D1-0CB0EECDE444}.Release|Any CPU.ActiveCfg = Release|Any CPU
		{18DE65FD-2BE9-4974-A7D1-0CB0EECDE444}.Release|Any CPU.Build.0 = Release|Any CPU
		{2E946B1A-E28C-445D-A1DF-05BB58569AEB}.Debug|Any CPU.ActiveCfg = Debug|Any CPU
		{2E946B1A-E28C-445D-A1DF-05BB58569AEB}.Debug|Any CPU.Build.0 = Debug|Any CPU
		{2E946B1A-E28C-445D-A1DF-05BB58569AEB}.Release|Any CPU.ActiveCfg = Release|Any CPU
		{2E946B1A-E28C-445D-A1DF-05BB58569AEB}.Release|Any CPU.Build.0 = Release|Any CPU
		{D91D6D2A-00BD-40F6-8EE5-8C58F19B1009}.Debug|Any CPU.ActiveCfg = Debug|Any CPU
		{D91D6D2A-00BD-40F6-8EE5-8C58F19B1009}.Debug|Any CPU.Build.0 = Debug|Any CPU
		{D91D6D2A-00BD-40F6-8EE5-8C58F19B1009}.Release|Any CPU.ActiveCfg = Release|Any CPU
		{D91D6D2A-00BD-40F6-8EE5-8C58F19B1009}.Release|Any CPU.Build.0 = Release|Any CPU
		{BEA74C97-1AE4-4421-8124-BE8A73FE7C4B}.Debug|Any CPU.ActiveCfg = Debug|Any CPU
		{BEA74C97-1AE4-4421-8124-BE8A73FE7C4B}.Debug|Any CPU.Build.0 = Debug|Any CPU
		{BEA74C97-1AE4-4421-8124-BE8A73FE7C4B}.Release|Any CPU.ActiveCfg = Release|Any CPU
		{BEA74C97-1AE4-4421-8124-BE8A73FE7C4B}.Release|Any CPU.Build.0 = Release|Any CPU
		{EB9FAE60-59B5-4F3B-A3C3-70F508E20FD8}.Debug|Any CPU.ActiveCfg = Debug|Any CPU
		{EB9FAE60-59B5-4F3B-A3C3-70F508E20FD8}.Debug|Any CPU.Build.0 = Debug|Any CPU
		{EB9FAE60-59B5-4F3B-A3C3-70F508E20FD8}.Release|Any CPU.ActiveCfg = Release|Any CPU
		{EB9FAE60-59B5-4F3B-A3C3-70F508E20FD8}.Release|Any CPU.Build.0 = Release|Any CPU
		{075932A5-A424-481A-B0ED-99B79F385AEB}.Debug|Any CPU.ActiveCfg = Debug|Any CPU
		{075932A5-A424-481A-B0ED-99B79F385AEB}.Debug|Any CPU.Build.0 = Debug|Any CPU
		{075932A5-A424-481A-B0ED-99B79F385AEB}.Release|Any CPU.ActiveCfg = Release|Any CPU
		{075932A5-A424-481A-B0ED-99B79F385AEB}.Release|Any CPU.Build.0 = Release|Any CPU
		{D4D57AF8-E650-4D4F-BC48-1D8E78F7F018}.Debug|Any CPU.ActiveCfg = Debug|Any CPU
		{D4D57AF8-E650-4D4F-BC48-1D8E78F7F018}.Debug|Any CPU.Build.0 = Debug|Any CPU
		{D4D57AF8-E650-4D4F-BC48-1D8E78F7F018}.Release|Any CPU.ActiveCfg = Release|Any CPU
		{D4D57AF8-E650-4D4F-BC48-1D8E78F7F018}.Release|Any CPU.Build.0 = Release|Any CPU
		{90AA7F80-CCD5-4CA0-97BC-CE33DFF48570}.Debug|Any CPU.ActiveCfg = Debug|Any CPU
		{90AA7F80-CCD5-4CA0-97BC-CE33DFF48570}.Debug|Any CPU.Build.0 = Debug|Any CPU
		{90AA7F80-CCD5-4CA0-97BC-CE33DFF48570}.Release|Any CPU.ActiveCfg = Release|Any CPU
		{90AA7F80-CCD5-4CA0-97BC-CE33DFF48570}.Release|Any CPU.Build.0 = Release|Any CPU
		{B37F47CC-F306-4625-A7CD-3232E9021D04}.Debug|Any CPU.ActiveCfg = Debug|Any CPU
		{B37F47CC-F306-4625-A7CD-3232E9021D04}.Debug|Any CPU.Build.0 = Debug|Any CPU
		{B37F47CC-F306-4625-A7CD-3232E9021D04}.Release|Any CPU.ActiveCfg = Release|Any CPU
		{B37F47CC-F306-4625-A7CD-3232E9021D04}.Release|Any CPU.Build.0 = Release|Any CPU
		{6F18AB7B-1796-46F0-8EEF-CA2063E0B34D}.Debug|Any CPU.ActiveCfg = Debug|Any CPU
		{6F18AB7B-1796-46F0-8EEF-CA2063E0B34D}.Debug|Any CPU.Build.0 = Debug|Any CPU
		{6F18AB7B-1796-46F0-8EEF-CA2063E0B34D}.Release|Any CPU.ActiveCfg = Release|Any CPU
		{6F18AB7B-1796-46F0-8EEF-CA2063E0B34D}.Release|Any CPU.Build.0 = Release|Any CPU
		{21DE39ED-EBFB-4AA7-89B8-C15A131A457F}.Debug|Any CPU.ActiveCfg = Debug|Any CPU
		{21DE39ED-EBFB-4AA7-89B8-C15A131A457F}.Debug|Any CPU.Build.0 = Debug|Any CPU
		{21DE39ED-EBFB-4AA7-89B8-C15A131A457F}.Release|Any CPU.ActiveCfg = Release|Any CPU
		{21DE39ED-EBFB-4AA7-89B8-C15A131A457F}.Release|Any CPU.Build.0 = Release|Any CPU
		{6109EE26-E443-4946-A486-94E53363492A}.Debug|Any CPU.ActiveCfg = Debug|Any CPU
		{6109EE26-E443-4946-A486-94E53363492A}.Debug|Any CPU.Build.0 = Debug|Any CPU
		{6109EE26-E443-4946-A486-94E53363492A}.Release|Any CPU.ActiveCfg = Release|Any CPU
		{6109EE26-E443-4946-A486-94E53363492A}.Release|Any CPU.Build.0 = Release|Any CPU
		{4E9C21D4-EAE2-48E8-A387-32FC3A04695B}.Debug|Any CPU.ActiveCfg = Debug|Any CPU
		{4E9C21D4-EAE2-48E8-A387-32FC3A04695B}.Debug|Any CPU.Build.0 = Debug|Any CPU
		{4E9C21D4-EAE2-48E8-A387-32FC3A04695B}.Release|Any CPU.ActiveCfg = Release|Any CPU
		{4E9C21D4-EAE2-48E8-A387-32FC3A04695B}.Release|Any CPU.Build.0 = Release|Any CPU
		{35B15702-B623-4E3E-B598-38622EE2DE01}.Debug|Any CPU.ActiveCfg = Debug|Any CPU
		{35B15702-B623-4E3E-B598-38622EE2DE01}.Debug|Any CPU.Build.0 = Debug|Any CPU
		{35B15702-B623-4E3E-B598-38622EE2DE01}.Release|Any CPU.ActiveCfg = Release|Any CPU
		{35B15702-B623-4E3E-B598-38622EE2DE01}.Release|Any CPU.Build.0 = Release|Any CPU
		{017B2F82-97C8-4833-B64C-BC246C1BE235}.Debug|Any CPU.ActiveCfg = Debug|Any CPU
		{017B2F82-97C8-4833-B64C-BC246C1BE235}.Debug|Any CPU.Build.0 = Debug|Any CPU
		{017B2F82-97C8-4833-B64C-BC246C1BE235}.Release|Any CPU.ActiveCfg = Release|Any CPU
		{017B2F82-97C8-4833-B64C-BC246C1BE235}.Release|Any CPU.Build.0 = Release|Any CPU
		{845BE46E-1D2B-4160-B4F5-AA901984D85C}.Debug|Any CPU.ActiveCfg = Debug|Any CPU
		{845BE46E-1D2B-4160-B4F5-AA901984D85C}.Debug|Any CPU.Build.0 = Debug|Any CPU
		{845BE46E-1D2B-4160-B4F5-AA901984D85C}.Release|Any CPU.ActiveCfg = Release|Any CPU
		{845BE46E-1D2B-4160-B4F5-AA901984D85C}.Release|Any CPU.Build.0 = Release|Any CPU
		{B952DB33-F671-4A02-A193-65C659745C48}.Debug|Any CPU.ActiveCfg = Debug|Any CPU
		{B952DB33-F671-4A02-A193-65C659745C48}.Debug|Any CPU.Build.0 = Debug|Any CPU
		{B952DB33-F671-4A02-A193-65C659745C48}.Release|Any CPU.ActiveCfg = Release|Any CPU
		{B952DB33-F671-4A02-A193-65C659745C48}.Release|Any CPU.Build.0 = Release|Any CPU
		{115D8E70-75F3-45CB-8BDB-DDEB631BA975}.Debug|Any CPU.ActiveCfg = Debug|Any CPU
		{115D8E70-75F3-45CB-8BDB-DDEB631BA975}.Debug|Any CPU.Build.0 = Debug|Any CPU
		{115D8E70-75F3-45CB-8BDB-DDEB631BA975}.Release|Any CPU.ActiveCfg = Release|Any CPU
		{115D8E70-75F3-45CB-8BDB-DDEB631BA975}.Release|Any CPU.Build.0 = Release|Any CPU
		{E6FBA635-2425-4EB8-960B-CB281E437513}.Debug|Any CPU.ActiveCfg = Debug|Any CPU
		{E6FBA635-2425-4EB8-960B-CB281E437513}.Debug|Any CPU.Build.0 = Debug|Any CPU
		{E6FBA635-2425-4EB8-960B-CB281E437513}.Release|Any CPU.ActiveCfg = Release|Any CPU
		{E6FBA635-2425-4EB8-960B-CB281E437513}.Release|Any CPU.Build.0 = Release|Any CPU
		{07AEE9AF-5B25-4751-BBF5-3C2D58158238}.Debug|Any CPU.ActiveCfg = Debug|Any CPU
		{07AEE9AF-5B25-4751-BBF5-3C2D58158238}.Debug|Any CPU.Build.0 = Debug|Any CPU
		{07AEE9AF-5B25-4751-BBF5-3C2D58158238}.Release|Any CPU.ActiveCfg = Release|Any CPU
		{07AEE9AF-5B25-4751-BBF5-3C2D58158238}.Release|Any CPU.Build.0 = Release|Any CPU
		{1D29E38F-04BC-41A4-939D-4269A4B29680}.Debug|Any CPU.ActiveCfg = Debug|Any CPU
		{1D29E38F-04BC-41A4-939D-4269A4B29680}.Debug|Any CPU.Build.0 = Debug|Any CPU
		{1D29E38F-04BC-41A4-939D-4269A4B29680}.Release|Any CPU.ActiveCfg = Release|Any CPU
		{1D29E38F-04BC-41A4-939D-4269A4B29680}.Release|Any CPU.Build.0 = Release|Any CPU
		{8DE14AF7-CF42-48D9-8B76-C7A75D62F4DE}.Debug|Any CPU.ActiveCfg = Debug|Any CPU
		{8DE14AF7-CF42-48D9-8B76-C7A75D62F4DE}.Debug|Any CPU.Build.0 = Debug|Any CPU
		{8DE14AF7-CF42-48D9-8B76-C7A75D62F4DE}.Release|Any CPU.ActiveCfg = Release|Any CPU
		{8DE14AF7-CF42-48D9-8B76-C7A75D62F4DE}.Release|Any CPU.Build.0 = Release|Any CPU
	EndGlobalSection
	GlobalSection(SolutionProperties) = preSolution
		HideSolutionNode = FALSE
	EndGlobalSection
	GlobalSection(NestedProjects) = preSolution
		{266D9A1E-DF21-419F-8D32-7FE585D49EC8} = {09EEBC9B-3224-4D3C-956D-32B8AA73A696}
		{98E4E200-DBDA-48C7-B24C-87574F7706B7} = {09EEBC9B-3224-4D3C-956D-32B8AA73A696}
		{0DFEE009-4B85-4A68-8DCF-83968BD63DBB} = {09EEBC9B-3224-4D3C-956D-32B8AA73A696}
		{4B47EED5-0E56-4F80-83C0-176CFBEFB6C8} = {C53AD1B1-3D17-4DF5-9BF6-188FB135E28F}
		{97812D39-E976-48C4-9E7F-0B50F664A994} = {C53AD1B1-3D17-4DF5-9BF6-188FB135E28F}
		{3D4350D5-AE74-436F-9B4F-11936627F5CC} = {97812D39-E976-48C4-9E7F-0B50F664A994}
		{B28613FF-EDE0-47BF-A116-4A60345AE047} = {97812D39-E976-48C4-9E7F-0B50F664A994}
		{AF4A29C7-7CFB-4056-83EF-97F01C31A830} = {97812D39-E976-48C4-9E7F-0B50F664A994}
		{D3135979-2233-4956-833B-38E9AA103F30} = {C53AD1B1-3D17-4DF5-9BF6-188FB135E28F}
		{68B14D39-E483-4E38-9172-0D17C5EB263F} = {D3135979-2233-4956-833B-38E9AA103F30}
		{01FDB184-E9B6-4E93-8582-E5E8E0D21EB4} = {D3135979-2233-4956-833B-38E9AA103F30}
		{EE12622D-1474-4683-8A58-9CFE348AEA44} = {D3135979-2233-4956-833B-38E9AA103F30}
		{E2178D48-419B-4FCC-B534-A6DBF22C14E7} = {D3135979-2233-4956-833B-38E9AA103F30}
		{D5C308F2-0E7E-4017-B240-628663E5A0EA} = {C53AD1B1-3D17-4DF5-9BF6-188FB135E28F}
		{84888873-F0A0-4213-A18B-1198A503095A} = {D5C308F2-0E7E-4017-B240-628663E5A0EA}
		{18DE65FD-2BE9-4974-A7D1-0CB0EECDE444} = {D5C308F2-0E7E-4017-B240-628663E5A0EA}
		{2E946B1A-E28C-445D-A1DF-05BB58569AEB} = {D5C308F2-0E7E-4017-B240-628663E5A0EA}
		{D91D6D2A-00BD-40F6-8EE5-8C58F19B1009} = {B1B4B10C-1DD1-4B5A-A74E-34A014F869D4}
		{53C2B556-998F-4752-A12D-D458F20434E3} = {C53AD1B1-3D17-4DF5-9BF6-188FB135E28F}
		{BEA74C97-1AE4-4421-8124-BE8A73FE7C4B} = {53C2B556-998F-4752-A12D-D458F20434E3}
		{EB9FAE60-59B5-4F3B-A3C3-70F508E20FD8} = {53C2B556-998F-4752-A12D-D458F20434E3}
		{075932A5-A424-481A-B0ED-99B79F385AEB} = {53C2B556-998F-4752-A12D-D458F20434E3}
		{D4D57AF8-E650-4D4F-BC48-1D8E78F7F018} = {1F32091C-D49D-403F-AA3E-F4979190F585}
		{90AA7F80-CCD5-4CA0-97BC-CE33DFF48570} = {1F32091C-D49D-403F-AA3E-F4979190F585}
		{B37F47CC-F306-4625-A7CD-3232E9021D04} = {1F32091C-D49D-403F-AA3E-F4979190F585}
		{1F32091C-D49D-403F-AA3E-F4979190F585} = {A3CF0761-C8CA-42BB-9F31-0669F18015F5}
		{59BC4E49-E5E7-415D-920B-0867234231E7} = {A3CF0761-C8CA-42BB-9F31-0669F18015F5}
		{6F18AB7B-1796-46F0-8EEF-CA2063E0B34D} = {59BC4E49-E5E7-415D-920B-0867234231E7}
		{21DE39ED-EBFB-4AA7-89B8-C15A131A457F} = {A3CF0761-C8CA-42BB-9F31-0669F18015F5}
		{6109EE26-E443-4946-A486-94E53363492A} = {A3CF0761-C8CA-42BB-9F31-0669F18015F5}
		{4E9C21D4-EAE2-48E8-A387-32FC3A04695B} = {A3CF0761-C8CA-42BB-9F31-0669F18015F5}
		{35B15702-B623-4E3E-B598-38622EE2DE01} = {9AEA5C59-2C7F-4637-BFB3-8B2220D693A6}
		{017B2F82-97C8-4833-B64C-BC246C1BE235} = {9AEA5C59-2C7F-4637-BFB3-8B2220D693A6}
		{C9A19228-CB35-421D-BB62-39CFF21672C3} = {9AEA5C59-2C7F-4637-BFB3-8B2220D693A6}
		{845BE46E-1D2B-4160-B4F5-AA901984D85C} = {C9A19228-CB35-421D-BB62-39CFF21672C3}
		{B952DB33-F671-4A02-A193-65C659745C48} = {C9A19228-CB35-421D-BB62-39CFF21672C3}
		{115D8E70-75F3-45CB-8BDB-DDEB631BA975} = {9AEA5C59-2C7F-4637-BFB3-8B2220D693A6}
		{E6FBA635-2425-4EB8-960B-CB281E437513} = {C46E52C1-E99B-4C19-8F8E-B66FA08B5E7E}
		{07AEE9AF-5B25-4751-BBF5-3C2D58158238} = {C9A19228-CB35-421D-BB62-39CFF21672C3}
		{1D29E38F-04BC-41A4-939D-4269A4B29680} = {C9A19228-CB35-421D-BB62-39CFF21672C3}
		{8DE14AF7-CF42-48D9-8B76-C7A75D62F4DE} = {C9A19228-CB35-421D-BB62-39CFF21672C3}
	EndGlobalSection
	GlobalSection(ExtensibilityGlobals) = postSolution
		SolutionGuid = {F6E48F89-8ACA-402D-BE78-FDB488C62EE6}
	EndGlobalSection
EndGlobal
