
Microsoft Visual Studio Solution File, Format Version 12.00
# Visual Studio Version 17
VisualStudioVersion = 17.3.32929.385
MinimumVisualStudioVersion = 10.0.40219.1
Project("{9A19103F-16F7-4668-BE54-9A1E7A4F7556}") = "OpenClosed_Principle", "Open-Closed_Principle\OpenClosed_Principle.csproj", "{266D9A1E-DF21-419F-8D32-7FE585D49EC8}"
EndProject
Project("{9A19103F-16F7-4668-BE54-9A1E7A4F7556}") = "LiskovSubstitutionPrinciple", "LiskovSubstitutionPrinciple\LiskovSubstitutionPrinciple.csproj", "{98E4E200-DBDA-48C7-B24C-87574F7706B7}"
EndProject
Project("{9A19103F-16F7-4668-BE54-9A1E7A4F7556}") = "DependencyInversionPrinciple", "DependencyInversionPrinciple\DependencyInversionPrinciple.csproj", "{0DFEE009-4B85-4A68-8DCF-83968BD63DBB}"
EndProject
Project("{9A19103F-16F7-4668-BE54-9A1E7A4F7556}") = "BuilderPattern", "BuilderPattern\BuilderPattern.csproj", "{4B47EED5-0E56-4F80-83C0-176CFBEFB6C8}"
EndProject
Project("{2150E333-8FDC-42A3-9474-1A3956D46DE8}") = "PatternsBuilder", "PatternsBuilder", "{97812D39-E976-48C4-9E7F-0B50F664A994}"
EndProject
Project("{9A19103F-16F7-4668-BE54-9A1E7A4F7556}") = "StepwiseBuilder", "StepwiseBuilder\StepwiseBuilder.csproj", "{3D4350D5-AE74-436F-9B4F-11936627F5CC}"
EndProject
Project("{9A19103F-16F7-4668-BE54-9A1E7A4F7556}") = "FunctionalBuilder", "FuncrionalBuilder\FunctionalBuilder.csproj", "{B28613FF-EDE0-47BF-A116-4A60345AE047}"
EndProject
Project("{9A19103F-16F7-4668-BE54-9A1E7A4F7556}") = "FacetedBuilderWithFacade", "FacetedBuilderWithFacade\FacetedBuilderWithFacade.csproj", "{AF4A29C7-7CFB-4056-83EF-97F01C31A830}"
EndProject
Project("{2150E333-8FDC-42A3-9474-1A3956D46DE8}") = "Factories", "Factories", "{D3135979-2233-4956-833B-38E9AA103F30}"
EndProject
Global
	GlobalSection(SolutionConfigurationPlatforms) = preSolution
		Debug|Any CPU = Debug|Any CPU
		Release|Any CPU = Release|Any CPU
	EndGlobalSection
	GlobalSection(ProjectConfigurationPlatforms) = postSolution
		{266D9A1E-DF21-419F-8D32-7FE585D49EC8}.Debug|Any CPU.ActiveCfg = Debug|Any CPU
		{266D9A1E-DF21-419F-8D32-7FE585D49EC8}.Debug|Any CPU.Build.0 = Debug|Any CPU
		{266D9A1E-DF21-419F-8D32-7FE585D49EC8}.Release|Any CPU.ActiveCfg = Release|Any CPU
		{266D9A1E-DF21-419F-8D32-7FE585D49EC8}.Release|Any CPU.Build.0 = Release|Any CPU
		{98E4E200-DBDA-48C7-B24C-87574F7706B7}.Debug|Any CPU.ActiveCfg = Debug|Any CPU
		{98E4E200-DBDA-48C7-B24C-87574F7706B7}.Debug|Any CPU.Build.0 = Debug|Any CPU
		{98E4E200-DBDA-48C7-B24C-87574F7706B7}.Release|Any CPU.ActiveCfg = Release|Any CPU
		{98E4E200-DBDA-48C7-B24C-87574F7706B7}.Release|Any CPU.Build.0 = Release|Any CPU
		{0DFEE009-4B85-4A68-8DCF-83968BD63DBB}.Debug|Any CPU.ActiveCfg = Debug|Any CPU
		{0DFEE009-4B85-4A68-8DCF-83968BD63DBB}.Debug|Any CPU.Build.0 = Debug|Any CPU
		{0DFEE009-4B85-4A68-8DCF-83968BD63DBB}.Release|Any CPU.ActiveCfg = Release|Any CPU
		{0DFEE009-4B85-4A68-8DCF-83968BD63DBB}.Release|Any CPU.Build.0 = Release|Any CPU
		{4B47EED5-0E56-4F80-83C0-176CFBEFB6C8}.Debug|Any CPU.ActiveCfg = Debug|Any CPU
		{4B47EED5-0E56-4F80-83C0-176CFBEFB6C8}.Debug|Any CPU.Build.0 = Debug|Any CPU
		{4B47EED5-0E56-4F80-83C0-176CFBEFB6C8}.Release|Any CPU.ActiveCfg = Release|Any CPU
		{4B47EED5-0E56-4F80-83C0-176CFBEFB6C8}.Release|Any CPU.Build.0 = Release|Any CPU
		{3D4350D5-AE74-436F-9B4F-11936627F5CC}.Debug|Any CPU.ActiveCfg = Debug|Any CPU
		{3D4350D5-AE74-436F-9B4F-11936627F5CC}.Debug|Any CPU.Build.0 = Debug|Any CPU
		{3D4350D5-AE74-436F-9B4F-11936627F5CC}.Release|Any CPU.ActiveCfg = Release|Any CPU
		{3D4350D5-AE74-436F-9B4F-11936627F5CC}.Release|Any CPU.Build.0 = Release|Any CPU
		{B28613FF-EDE0-47BF-A116-4A60345AE047}.Debug|Any CPU.ActiveCfg = Debug|Any CPU
		{B28613FF-EDE0-47BF-A116-4A60345AE047}.Debug|Any CPU.Build.0 = Debug|Any CPU
		{B28613FF-EDE0-47BF-A116-4A60345AE047}.Release|Any CPU.ActiveCfg = Release|Any CPU
		{B28613FF-EDE0-47BF-A116-4A60345AE047}.Release|Any CPU.Build.0 = Release|Any CPU
		{AF4A29C7-7CFB-4056-83EF-97F01C31A830}.Debug|Any CPU.ActiveCfg = Debug|Any CPU
		{AF4A29C7-7CFB-4056-83EF-97F01C31A830}.Debug|Any CPU.Build.0 = Debug|Any CPU
		{AF4A29C7-7CFB-4056-83EF-97F01C31A830}.Release|Any CPU.ActiveCfg = Release|Any CPU
		{AF4A29C7-7CFB-4056-83EF-97F01C31A830}.Release|Any CPU.Build.0 = Release|Any CPU
	EndGlobalSection
	GlobalSection(SolutionProperties) = preSolution
		HideSolutionNode = FALSE
	EndGlobalSection
	GlobalSection(NestedProjects) = preSolution
		{3D4350D5-AE74-436F-9B4F-11936627F5CC} = {97812D39-E976-48C4-9E7F-0B50F664A994}
		{B28613FF-EDE0-47BF-A116-4A60345AE047} = {97812D39-E976-48C4-9E7F-0B50F664A994}
		{AF4A29C7-7CFB-4056-83EF-97F01C31A830} = {97812D39-E976-48C4-9E7F-0B50F664A994}
	EndGlobalSection
	GlobalSection(ExtensibilityGlobals) = postSolution
		SolutionGuid = {F6E48F89-8ACA-402D-BE78-FDB488C62EE6}
	EndGlobalSection
EndGlobal
